<?xml version="1.0" encoding="utf-8"?>
<Project ToolsVersion="4.0" xmlns="http://schemas.microsoft.com/developer/msbuild/2003">
  <ItemGroup>
    <ClCompile Include="stdafx.cpp" />
    <ClCompile Include="PicManager.cpp">
      <Filter>Source</Filter>
    </ClCompile>
    <ClCompile Include="PicManagerDlg.cpp">
      <Filter>Source</Filter>
    </ClCompile>
    <ClCompile Include="RenameDlg.cpp" />
  </ItemGroup>
  <ItemGroup>
    <ClInclude Include="Resource.h" />
    <ClInclude Include="stdafx.h" />
    <ClInclude Include="targetver.h" />
    <ClInclude Include="PicManagerDlg.h">
      <Filter>Include</Filter>
    </ClInclude>
    <ClInclude Include="PicManager.h">
      <Filter>Include</Filter>
    </ClInclude>
    <ClInclude Include="RenameDlg.h" />
  </ItemGroup>
  <ItemGroup>
    <Text Include="ReadMe.txt" />
  </ItemGroup>
  <ItemGroup>
    <Filter Include="Include">
      <UniqueIdentifier>{38217e4a-5bdb-455b-bc48-ec617f0ce288}</UniqueIdentifier>
    </Filter>
    <Filter Include="Source">
      <UniqueIdentifier>{7e95e2e0-e05e-45f6-9951-1b0ca982a747}</UniqueIdentifier>
    </Filter>
    <Filter Include="Resource">
      <UniqueIdentifier>{502c446a-5e17-49d4-8758-8b25ce91659b}</UniqueIdentifier>
    </Filter>
  </ItemGroup>
  <ItemGroup>
    <None Include="res\PicManagerDlg.rc2">
      <Filter>Resource</Filter>
    </None>
  </ItemGroup>
  <ItemGroup>
    <Image Include="res\PicManagerDlg.ico">
      <Filter>Resource</Filter>
    </Image>
    <Image Include="res\PicManager.ico" />
  </ItemGroup>
  <ItemGroup>
    <ResourceCompile Include="PicManagerDlg.rc">
      <Filter>Resource</Filter>
    </ResourceCompile>
  </ItemGroup>
</Project>